
Microsoft Visual Studio Solution File, Format Version 12.00
# Visual Studio 15
VisualStudioVersion = 15.0.25807.0
MinimumVisualStudioVersion = 10.0.40219.1
Project("{2150E333-8FDC-42A3-9474-1A3956D46DE8}") = "Engine", "Engine", "{2A430034-6017-4E5F-9F07-6A3AF1B75660}"
EndProject
Project("{2150E333-8FDC-42A3-9474-1A3956D46DE8}") = "Games", "Games", "{6CEF4D09-6B08-4109-9EF9-B755F5B772C5}"
EndProject
Project("{8BC9CEB8-8B4A-11D0-8D11-00A0C91BC942}") = "UE4", "Intermediate\ProjectFiles\UE4.vcxproj", "{EF550CD9-AFB5-44EF-A46C-EDDA6E1E6BAA}"
EndProject
Project("{8BC9CEB8-8B4A-11D0-8D11-00A0C91BC942}") = "LD45", "Intermediate\ProjectFiles\LD45.vcxproj", "{09BABC7E-B4F2-4A51-946A-16926CC46EAB}"
EndProject
Project("{2150E333-8FDC-42A3-9474-1A3956D46DE8}") = "Visualizers", "Visualizers", "{A48FC7B9-2D84-4C9C-8807-890F83D22A44}"
	ProjectSection(SolutionItems) = preProject
		C:\Program Files\Epic Games\UE_4.23\Engine\Extras\VisualStudioDebugging\UE4.natvis = C:\Program Files\Epic Games\UE_4.23\Engine\Extras\VisualStudioDebugging\UE4.natvis
	EndProjectSection
EndProject
Global
	GlobalSection(SolutionConfigurationPlatforms) = preSolution
		DebugGame Editor|HTML5 = DebugGame Editor|HTML5
		DebugGame Editor|Win32 = DebugGame Editor|Win32
		DebugGame Editor|Win64 = DebugGame Editor|Win64
		DebugGame|HTML5 = DebugGame|HTML5
		DebugGame|Win32 = DebugGame|Win32
		DebugGame|Win64 = DebugGame|Win64
		Development Editor|HTML5 = Development Editor|HTML5
		Development Editor|Win32 = Development Editor|Win32
		Development Editor|Win64 = Development Editor|Win64
		Development|HTML5 = Development|HTML5
		Development|Win32 = Development|Win32
		Development|Win64 = Development|Win64
		Shipping|HTML5 = Shipping|HTML5
		Shipping|Win32 = Shipping|Win32
		Shipping|Win64 = Shipping|Win64
	EndGlobalSection
	GlobalSection(ProjectConfigurationPlatforms) = postSolution
		{EF550CD9-AFB5-44EF-A46C-EDDA6E1E6BAA}.DebugGame Editor|HTML5.ActiveCfg = BuiltWithUnrealBuildTool|Win32
		{EF550CD9-AFB5-44EF-A46C-EDDA6E1E6BAA}.DebugGame Editor|Win32.ActiveCfg = BuiltWithUnrealBuildTool|Win32
		{EF550CD9-AFB5-44EF-A46C-EDDA6E1E6BAA}.DebugGame Editor|Win64.ActiveCfg = BuiltWithUnrealBuildTool|Win32
		{EF550CD9-AFB5-44EF-A46C-EDDA6E1E6BAA}.DebugGame|HTML5.ActiveCfg = BuiltWithUnrealBuildTool|Win32
		{EF550CD9-AFB5-44EF-A46C-EDDA6E1E6BAA}.DebugGame|Win32.ActiveCfg = BuiltWithUnrealBuildTool|Win32
		{EF550CD9-AFB5-44EF-A46C-EDDA6E1E6BAA}.DebugGame|Win64.ActiveCfg = BuiltWithUnrealBuildTool|Win32
		{EF550CD9-AFB5-44EF-A46C-EDDA6E1E6BAA}.Development Editor|HTML5.ActiveCfg = BuiltWithUnrealBuildTool|Win32
		{EF550CD9-AFB5-44EF-A46C-EDDA6E1E6BAA}.Development Editor|Win32.ActiveCfg = BuiltWithUnrealBuildTool|Win32
		{EF550CD9-AFB5-44EF-A46C-EDDA6E1E6BAA}.Development Editor|Win64.ActiveCfg = BuiltWithUnrealBuildTool|Win32
		{EF550CD9-AFB5-44EF-A46C-EDDA6E1E6BAA}.Development|HTML5.ActiveCfg = BuiltWithUnrealBuildTool|Win32
		{EF550CD9-AFB5-44EF-A46C-EDDA6E1E6BAA}.Development|Win32.ActiveCfg = BuiltWithUnrealBuildTool|Win32
		{EF550CD9-AFB5-44EF-A46C-EDDA6E1E6BAA}.Development|Win64.ActiveCfg = BuiltWithUnrealBuildTool|Win32
		{EF550CD9-AFB5-44EF-A46C-EDDA6E1E6BAA}.Shipping|HTML5.ActiveCfg = BuiltWithUnrealBuildTool|Win32
		{EF550CD9-AFB5-44EF-A46C-EDDA6E1E6BAA}.Shipping|Win32.ActiveCfg = BuiltWithUnrealBuildTool|Win32
		{EF550CD9-AFB5-44EF-A46C-EDDA6E1E6BAA}.Shipping|Win64.ActiveCfg = BuiltWithUnrealBuildTool|Win32
		{09BABC7E-B4F2-4A51-946A-16926CC46EAB}.DebugGame Editor|HTML5.ActiveCfg = Invalid|Win32
		{09BABC7E-B4F2-4A51-946A-16926CC46EAB}.DebugGame Editor|Win32.ActiveCfg = Invalid|Win32
		{09BABC7E-B4F2-4A51-946A-16926CC46EAB}.DebugGame Editor|Win64.ActiveCfg = DebugGame_Editor|x64
		{09BABC7E-B4F2-4A51-946A-16926CC46EAB}.DebugGame Editor|Win64.Build.0 = DebugGame_Editor|x64
		{09BABC7E-B4F2-4A51-946A-16926CC46EAB}.DebugGame|HTML5.ActiveCfg = HTML5_DebugGame|Win32
		{09BABC7E-B4F2-4A51-946A-16926CC46EAB}.DebugGame|HTML5.Build.0 = HTML5_DebugGame|Win32
		{09BABC7E-B4F2-4A51-946A-16926CC46EAB}.DebugGame|Win32.ActiveCfg = DebugGame|Win32
		{09BABC7E-B4F2-4A51-946A-16926CC46EAB}.DebugGame|Win32.Build.0 = DebugGame|Win32
		{09BABC7E-B4F2-4A51-946A-16926CC46EAB}.DebugGame|Win64.ActiveCfg = DebugGame|x64
		{09BABC7E-B4F2-4A51-946A-16926CC46EAB}.DebugGame|Win64.Build.0 = DebugGame|x64
		{09BABC7E-B4F2-4A51-946A-16926CC46EAB}.Development Editor|HTML5.ActiveCfg = Invalid|Win32
		{09BABC7E-B4F2-4A51-946A-16926CC46EAB}.Development Editor|Win32.ActiveCfg = Invalid|Win32
		{09BABC7E-B4F2-4A51-946A-16926CC46EAB}.Development Editor|Win64.ActiveCfg = Development_Editor|x64
		{09BABC7E-B4F2-4A51-946A-16926CC46EAB}.Development Editor|Win64.Build.0 = Development_Editor|x64
		{09BABC7E-B4F2-4A51-946A-16926CC46EAB}.Development|HTML5.ActiveCfg = HTML5_Development|Win32
		{09BABC7E-B4F2-4A51-946A-16926CC46EAB}.Development|HTML5.Build.0 = HTML5_Development|Win32
		{09BABC7E-B4F2-4A51-946A-16926CC46EAB}.Development|Win32.ActiveCfg = Development|Win32
		{09BABC7E-B4F2-4A51-946A-16926CC46EAB}.Development|Win32.Build.0 = Development|Win32
		{09BABC7E-B4F2-4A51-946A-16926CC46EAB}.Development|Win64.ActiveCfg = Development|x64
		{09BABC7E-B4F2-4A51-946A-16926CC46EAB}.Development|Win64.Build.0 = Development|x64
		{09BABC7E-B4F2-4A51-946A-16926CC46EAB}.Shipping|HTML5.ActiveCfg = HTML5_Shipping|Win32
		{09BABC7E-B4F2-4A51-946A-16926CC46EAB}.Shipping|HTML5.Build.0 = HTML5_Shipping|Win32
		{09BABC7E-B4F2-4A51-946A-16926CC46EAB}.Shipping|Win32.ActiveCfg = Shipping|Win32
		{09BABC7E-B4F2-4A51-946A-16926CC46EAB}.Shipping|Win32.Build.0 = Shipping|Win32
		{09BABC7E-B4F2-4A51-946A-16926CC46EAB}.Shipping|Win64.ActiveCfg = Shipping|x64
		{09BABC7E-B4F2-4A51-946A-16926CC46EAB}.Shipping|Win64.Build.0 = Shipping|x64
	EndGlobalSection
	GlobalSection(SolutionProperties) = preSolution
		HideSolutionNode = FALSE
	EndGlobalSection
	GlobalSection(NestedProjects) = preSolution
		{EF550CD9-AFB5-44EF-A46C-EDDA6E1E6BAA} = {2A430034-6017-4E5F-9F07-6A3AF1B75660}
		{09BABC7E-B4F2-4A51-946A-16926CC46EAB} = {6CEF4D09-6B08-4109-9EF9-B755F5B772C5}
	EndGlobalSection
EndGlobal
